// !$*UTF8*$!
{
	archiveVersion = 1;
	classes = {
	};
	objectVersion = 46;
	objects = {

/* Begin PBXBuildFile section */
		1702CAAB203CB93900474F86 /* RainCloud.swift in Sources */ = {isa = PBXBuildFile; fileRef = 1702CAA9203CB93900474F86 /* RainCloud.swift */; };
		1702CAAC203CB93900474F86 /* RainCloud.swift in Sources */ = {isa = PBXBuildFile; fileRef = 1702CAA9203CB93900474F86 /* RainCloud.swift */; };
		1702CAB0203ED04600474F86 /* RainCloudView.xib in Resources */ = {isa = PBXBuildFile; fileRef = 1702CAAF203ED04600474F86 /* RainCloudView.xib */; };
		1702CAB1203ED04600474F86 /* RainCloudView.xib in Resources */ = {isa = PBXBuildFile; fileRef = 1702CAAF203ED04600474F86 /* RainCloudView.xib */; };
		170551E11FB5EE9200E3C8C7 /* LocationManager.swift in Sources */ = {isa = PBXBuildFile; fileRef = 170551E01FB5EE9200E3C8C7 /* LocationManager.swift */; };
		170551E21FB5EE9200E3C8C7 /* LocationManager.swift in Sources */ = {isa = PBXBuildFile; fileRef = 170551E01FB5EE9200E3C8C7 /* LocationManager.swift */; };
		1707AA251EF4140500016442 /* windturbine.json in Resources */ = {isa = PBXBuildFile; fileRef = 1707AA241EF4140500016442 /* windturbine.json */; };
		1707AA281EF4145300016442 /* podest.png in Resources */ = {isa = PBXBuildFile; fileRef = 1707AA261EF4145300016442 /* podest.png */; };
		1707AA291EF4145300016442 /* blades.png in Resources */ = {isa = PBXBuildFile; fileRef = 1707AA271EF4145300016442 /* blades.png */; };
		170939CE2049B2D000BA630F /* Main.storyboard in Resources */ = {isa = PBXBuildFile; fileRef = 17487A151ECA3CDB004496BF /* Main.storyboard */; };
		1711E71F1ED23A69004BF66B /* WeatherServiceManager.swift in Sources */ = {isa = PBXBuildFile; fileRef = 1711E71E1ED23A69004BF66B /* WeatherServiceManager.swift */; };
		1711E7231ED248C2004BF66B /* Forecast.swift in Sources */ = {isa = PBXBuildFile; fileRef = 1711E7221ED248C2004BF66B /* Forecast.swift */; };
		1734D8721EED7C9900EF8B64 /* WeatherEmitter.swift in Sources */ = {isa = PBXBuildFile; fileRef = 1734D8711EED7C9900EF8B64 /* WeatherEmitter.swift */; };
		173A9BD620093C850077772A /* UIView+Extension.swift in Sources */ = {isa = PBXBuildFile; fileRef = 173A9BD520093C850077772A /* UIView+Extension.swift */; };
		173A9BD720093C850077772A /* UIView+Extension.swift in Sources */ = {isa = PBXBuildFile; fileRef = 173A9BD520093C850077772A /* UIView+Extension.swift */; };
		17487A121ECA3CDB004496BF /* AppDelegate.swift in Sources */ = {isa = PBXBuildFile; fileRef = 17487A111ECA3CDB004496BF /* AppDelegate.swift */; };
		17487A141ECA3CDB004496BF /* WeatherViewController.swift in Sources */ = {isa = PBXBuildFile; fileRef = 17487A131ECA3CDB004496BF /* WeatherViewController.swift */; };
		17487A191ECA3CDB004496BF /* Assets.xcassets in Resources */ = {isa = PBXBuildFile; fileRef = 17487A181ECA3CDB004496BF /* Assets.xcassets */; };
		17487A1C1ECA3CDB004496BF /* LaunchScreen.storyboard in Resources */ = {isa = PBXBuildFile; fileRef = 17487A1A1ECA3CDB004496BF /* LaunchScreen.storyboard */; };
		1753D19F1FF54A5E005A9D6E /* rain.json in Resources */ = {isa = PBXBuildFile; fileRef = 1753D19E1FF54A5D005A9D6E /* rain.json */; };
		1753D1A01FF54A5E005A9D6E /* rain.json in Resources */ = {isa = PBXBuildFile; fileRef = 1753D19E1FF54A5D005A9D6E /* rain.json */; };
		17B191171F9A5A5300BD100E /* UIColor+Extension.swift in Sources */ = {isa = PBXBuildFile; fileRef = 17F0F2FC1F9A4E5D00E8E16C /* UIColor+Extension.swift */; };
		17B191181F9A5A5A00BD100E /* podest.png in Resources */ = {isa = PBXBuildFile; fileRef = 1707AA261EF4145300016442 /* podest.png */; };
		17B191191F9A5A5A00BD100E /* blades.png in Resources */ = {isa = PBXBuildFile; fileRef = 1707AA271EF4145300016442 /* blades.png */; };
		17B1911A1F9A5A5A00BD100E /* windturbine.json in Resources */ = {isa = PBXBuildFile; fileRef = 1707AA241EF4140500016442 /* windturbine.json */; };
		17B191211F9A5A5F00BD100E /* WeatherEmitter.swift in Sources */ = {isa = PBXBuildFile; fileRef = 1734D8711EED7C9900EF8B64 /* WeatherEmitter.swift */; };
		17B191221F9A5A6300BD100E /* WeatherServiceManager.swift in Sources */ = {isa = PBXBuildFile; fileRef = 1711E71E1ED23A69004BF66B /* WeatherServiceManager.swift */; };
		17B191231F9A5A6300BD100E /* Forecast.swift in Sources */ = {isa = PBXBuildFile; fileRef = 1711E7221ED248C2004BF66B /* Forecast.swift */; };
		17B191241F9A5A6500BD100E /* WeatherViewController.swift in Sources */ = {isa = PBXBuildFile; fileRef = 17487A131ECA3CDB004496BF /* WeatherViewController.swift */; };
		17B191251F9A5A7000BD100E /* Assets.xcassets in Resources */ = {isa = PBXBuildFile; fileRef = 17487A181ECA3CDB004496BF /* Assets.xcassets */; };
		17B191281F9A5AC300BD100E /* Main.storyboard in Resources */ = {isa = PBXBuildFile; fileRef = 17487A151ECA3CDB004496BF /* Main.storyboard */; };
		17B1912D1F9A5B0000BD100E /* Main.storyboard in Resources */ = {isa = PBXBuildFile; fileRef = 17B1912B1F9A5B0000BD100E /* Main.storyboard */; };
		17B8850D1F9A6FA0002F1C9B /* AppDelegate.swift in Sources */ = {isa = PBXBuildFile; fileRef = 17487A111ECA3CDB004496BF /* AppDelegate.swift */; };
		17B8850E1F9A7706002F1C9B /* LaunchScreen.storyboard in Resources */ = {isa = PBXBuildFile; fileRef = 17487A1A1ECA3CDB004496BF /* LaunchScreen.storyboard */; };
		17F0F2FD1F9A4E5D00E8E16C /* UIColor+Extension.swift in Sources */ = {isa = PBXBuildFile; fileRef = 17F0F2FC1F9A4E5D00E8E16C /* UIColor+Extension.swift */; };
		27ED955506FD3E7C330E3633 /* Pods_Magic_Weather.framework in Frameworks */ = {isa = PBXBuildFile; fileRef = 17B8850C1F9A6E0C002F1C9B /* Pods_Magic_Weather.framework */; };
		A0B7B9EB6FAF3D5617516E5E /* Pods_Magic_Weather.framework in Frameworks */ = {isa = PBXBuildFile; fileRef = 74E1CE89DA0CAAD358E70F5E /* Pods_Magic_Weather.framework */; };
		EC6C016FC9E864F856751F8D /* Pods_Magic_Weather_Stage.framework in Frameworks */ = {isa = PBXBuildFile; fileRef = C39F50DE7E167A025240D86A /* Pods_Magic_Weather_Stage.framework */; };
/* End PBXBuildFile section */

/* Begin PBXFileReference section */
		1702CAA9203CB93900474F86 /* RainCloud.swift */ = {isa = PBXFileReference; lastKnownFileType = sourcecode.swift; path = RainCloud.swift; sourceTree = "<group>"; };
		1702CAAF203ED04600474F86 /* RainCloudView.xib */ = {isa = PBXFileReference; lastKnownFileType = file.xib; path = RainCloudView.xib; sourceTree = "<group>"; };
		170551E01FB5EE9200E3C8C7 /* LocationManager.swift */ = {isa = PBXFileReference; lastKnownFileType = sourcecode.swift; path = LocationManager.swift; sourceTree = "<group>"; };
		1707AA241EF4140500016442 /* windturbine.json */ = {isa = PBXFileReference; fileEncoding = 4; lastKnownFileType = text.json; path = windturbine.json; sourceTree = "<group>"; };
		1707AA261EF4145300016442 /* podest.png */ = {isa = PBXFileReference; lastKnownFileType = image.png; path = podest.png; sourceTree = "<group>"; };
		1707AA271EF4145300016442 /* blades.png */ = {isa = PBXFileReference; lastKnownFileType = image.png; path = blades.png; sourceTree = "<group>"; };
		1711E71E1ED23A69004BF66B /* WeatherServiceManager.swift */ = {isa = PBXFileReference; fileEncoding = 4; lastKnownFileType = sourcecode.swift; path = WeatherServiceManager.swift; sourceTree = "<group>"; };
		1711E7221ED248C2004BF66B /* Forecast.swift */ = {isa = PBXFileReference; fileEncoding = 4; lastKnownFileType = sourcecode.swift; path = Forecast.swift; sourceTree = "<group>"; };
		1734D8711EED7C9900EF8B64 /* WeatherEmitter.swift */ = {isa = PBXFileReference; fileEncoding = 4; lastKnownFileType = sourcecode.swift; path = WeatherEmitter.swift; sourceTree = "<group>"; };
		173A9BD520093C850077772A /* UIView+Extension.swift */ = {isa = PBXFileReference; lastKnownFileType = sourcecode.swift; path = "UIView+Extension.swift"; sourceTree = "<group>"; };
		17487A0E1ECA3CDB004496BF /* Magic Weather.app */ = {isa = PBXFileReference; explicitFileType = wrapper.application; includeInIndex = 0; path = "Magic Weather.app"; sourceTree = BUILT_PRODUCTS_DIR; };
		17487A111ECA3CDB004496BF /* AppDelegate.swift */ = {isa = PBXFileReference; lastKnownFileType = sourcecode.swift; path = AppDelegate.swift; sourceTree = "<group>"; };
		17487A131ECA3CDB004496BF /* WeatherViewController.swift */ = {isa = PBXFileReference; lastKnownFileType = sourcecode.swift; path = WeatherViewController.swift; sourceTree = "<group>"; };
		17487A161ECA3CDB004496BF /* Base */ = {isa = PBXFileReference; lastKnownFileType = file.storyboard; name = Base; path = Base.lproj/Main.storyboard; sourceTree = "<group>"; };
		17487A181ECA3CDB004496BF /* Assets.xcassets */ = {isa = PBXFileReference; lastKnownFileType = folder.assetcatalog; path = Assets.xcassets; sourceTree = "<group>"; };
		17487A1B1ECA3CDB004496BF /* Base */ = {isa = PBXFileReference; lastKnownFileType = file.storyboard; name = Base; path = Base.lproj/LaunchScreen.storyboard; sourceTree = "<group>"; };
		17487A1D1ECA3CDB004496BF /* Info.plist */ = {isa = PBXFileReference; lastKnownFileType = text.plist.xml; path = Info.plist; sourceTree = "<group>"; };
		1753D19E1FF54A5D005A9D6E /* rain.json */ = {isa = PBXFileReference; fileEncoding = 4; lastKnownFileType = text.json; name = rain.json; path = ../../../../../Desktop/rain.json; sourceTree = "<group>"; };
		17B191041F9A5A1E00BD100E /* Magic Weather Stage.app */ = {isa = PBXFileReference; explicitFileType = wrapper.application; includeInIndex = 0; path = "Magic Weather Stage.app"; sourceTree = BUILT_PRODUCTS_DIR; };
		17B191121F9A5A1E00BD100E /* Info.plist */ = {isa = PBXFileReference; lastKnownFileType = text.plist.xml; path = Info.plist; sourceTree = "<group>"; };
		17B1912B1F9A5B0000BD100E /* Main.storyboard */ = {isa = PBXFileReference; fileEncoding = 4; lastKnownFileType = file.storyboard; path = Main.storyboard; sourceTree = "<group>"; };
		17B8850A1F9A6D9A002F1C9B /* Pods_Magic_Weather.framework */ = {isa = PBXFileReference; explicitFileType = wrapper.framework; path = Pods_Magic_Weather.framework; sourceTree = BUILT_PRODUCTS_DIR; };
		17B8850C1F9A6E0C002F1C9B /* Pods_Magic_Weather.framework */ = {isa = PBXFileReference; explicitFileType = wrapper.framework; path = Pods_Magic_Weather.framework; sourceTree = BUILT_PRODUCTS_DIR; };
		17F0F2FC1F9A4E5D00E8E16C /* UIColor+Extension.swift */ = {isa = PBXFileReference; lastKnownFileType = sourcecode.swift; path = "UIColor+Extension.swift"; sourceTree = "<group>"; };
		27C159CDE65675BFDB75AAC6 /* Pods-Magic Weather.release.xcconfig */ = {isa = PBXFileReference; includeInIndex = 1; lastKnownFileType = text.xcconfig; name = "Pods-Magic Weather.release.xcconfig"; path = "Pods/Target Support Files/Pods-Magic Weather/Pods-Magic Weather.release.xcconfig"; sourceTree = "<group>"; };
		72BFF476FC522874A5FBC225 /* Pods-Magic Weather Stage.release.xcconfig */ = {isa = PBXFileReference; includeInIndex = 1; lastKnownFileType = text.xcconfig; name = "Pods-Magic Weather Stage.release.xcconfig"; path = "Pods/Target Support Files/Pods-Magic Weather Stage/Pods-Magic Weather Stage.release.xcconfig"; sourceTree = "<group>"; };
		74E1CE89DA0CAAD358E70F5E /* Pods_Magic_Weather.framework */ = {isa = PBXFileReference; explicitFileType = wrapper.framework; includeInIndex = 0; path = Pods_Magic_Weather.framework; sourceTree = BUILT_PRODUCTS_DIR; };
		C39F50DE7E167A025240D86A /* Pods_Magic_Weather_Stage.framework */ = {isa = PBXFileReference; explicitFileType = wrapper.framework; includeInIndex = 0; path = Pods_Magic_Weather_Stage.framework; sourceTree = BUILT_PRODUCTS_DIR; };
		CADF4C9F12BFB45A96A30309 /* Pods-Magic Weather Stage.debug.xcconfig */ = {isa = PBXFileReference; includeInIndex = 1; lastKnownFileType = text.xcconfig; name = "Pods-Magic Weather Stage.debug.xcconfig"; path = "Pods/Target Support Files/Pods-Magic Weather Stage/Pods-Magic Weather Stage.debug.xcconfig"; sourceTree = "<group>"; };
		E9AE7AFDB92247C6CEBE3957 /* Pods-Magic Weather.debug.xcconfig */ = {isa = PBXFileReference; includeInIndex = 1; lastKnownFileType = text.xcconfig; name = "Pods-Magic Weather.debug.xcconfig"; path = "Pods/Target Support Files/Pods-Magic Weather/Pods-Magic Weather.debug.xcconfig"; sourceTree = "<group>"; };
/* End PBXFileReference section */

/* Begin PBXFrameworksBuildPhase section */
		17487A0B1ECA3CDB004496BF /* Frameworks */ = {
			isa = PBXFrameworksBuildPhase;
			buildActionMask = 2147483647;
			files = (
				A0B7B9EB6FAF3D5617516E5E /* Pods_Magic_Weather.framework in Frameworks */,
				27ED955506FD3E7C330E3633 /* Pods_Magic_Weather.framework in Frameworks */,
			);
			runOnlyForDeploymentPostprocessing = 0;
		};
		17B191011F9A5A1E00BD100E /* Frameworks */ = {
			isa = PBXFrameworksBuildPhase;
			buildActionMask = 2147483647;
			files = (
				EC6C016FC9E864F856751F8D /* Pods_Magic_Weather_Stage.framework in Frameworks */,
			);
			runOnlyForDeploymentPostprocessing = 0;
		};
/* End PBXFrameworksBuildPhase section */

/* Begin PBXGroup section */
		1707AA231EF413FA00016442 /* Wind */ = {
			isa = PBXGroup;
			children = (
				1707AA261EF4145300016442 /* podest.png */,
				1707AA271EF4145300016442 /* blades.png */,
				1707AA241EF4140500016442 /* windturbine.json */,
			);
			name = Wind;
			sourceTree = "<group>";
		};
		1711E7241ED32994004BF66B /* Model */ = {
			isa = PBXGroup;
			children = (
				1711E71E1ED23A69004BF66B /* WeatherServiceManager.swift */,
				1711E7221ED248C2004BF66B /* Forecast.swift */,
			);
			name = Model;
			sourceTree = "<group>";
		};
		17487A051ECA3CDB004496BF = {
			isa = PBXGroup;
			children = (
				17487A101ECA3CDB004496BF /* Magic Weather */,
				17B191051F9A5A1E00BD100E /* Magic Weather Stage */,
				17487A0F1ECA3CDB004496BF /* Products */,
				3B6DAB8B43AB32D39112F3F1 /* Pods */,
				3166A568F483985C29241B9C /* Frameworks */,
			);
			sourceTree = "<group>";
			usesTabs = 1;
		};
		17487A0F1ECA3CDB004496BF /* Products */ = {
			isa = PBXGroup;
			children = (
				17487A0E1ECA3CDB004496BF /* Magic Weather.app */,
				17B191041F9A5A1E00BD100E /* Magic Weather Stage.app */,
			);
			name = Products;
			sourceTree = "<group>";
		};
		17487A101ECA3CDB004496BF /* Magic Weather */ = {
			isa = PBXGroup;
			children = (
				17487A111ECA3CDB004496BF /* AppDelegate.swift */,
				170551E01FB5EE9200E3C8C7 /* LocationManager.swift */,
				17487A131ECA3CDB004496BF /* WeatherViewController.swift */,
				1734D8711EED7C9900EF8B64 /* WeatherEmitter.swift */,
				1711E7241ED32994004BF66B /* Model */,
				17C3A0571FB382A200775F69 /* Utils */,
				17C3A0581FB382C300775F69 /* Resources */,
			);
			path = "Magic Weather";
			sourceTree = "<group>";
		};
		17B191051F9A5A1E00BD100E /* Magic Weather Stage */ = {
			isa = PBXGroup;
			children = (
				17B1912B1F9A5B0000BD100E /* Main.storyboard */,
				17B191121F9A5A1E00BD100E /* Info.plist */,
			);
			path = "Magic Weather Stage";
			sourceTree = "<group>";
		};
		17C3A0571FB382A200775F69 /* Utils */ = {
			isa = PBXGroup;
			children = (
				17F0F2FC1F9A4E5D00E8E16C /* UIColor+Extension.swift */,
				173A9BD520093C850077772A /* UIView+Extension.swift */,
			);
			name = Utils;
			sourceTree = "<group>";
		};
		17C3A0581FB382C300775F69 /* Resources */ = {
			isa = PBXGroup;
			children = (
				17F5859D1EE1736A0061FCFC /* Animations */,
				17487A151ECA3CDB004496BF /* Main.storyboard */,
				17487A181ECA3CDB004496BF /* Assets.xcassets */,
				17487A1A1ECA3CDB004496BF /* LaunchScreen.storyboard */,
				17487A1D1ECA3CDB004496BF /* Info.plist */,
			);
			name = Resources;
			sourceTree = "<group>";
		};
		17E185FA1EE457B900ED5F76 /* Rain */ = {
			isa = PBXGroup;
			children = (
				1753D19E1FF54A5D005A9D6E /* rain.json */,
				1702CAA9203CB93900474F86 /* RainCloud.swift */,
				1702CAAF203ED04600474F86 /* RainCloudView.xib */,
			);
			name = Rain;
			sourceTree = "<group>";
		};
		17F5859D1EE1736A0061FCFC /* Animations */ = {
			isa = PBXGroup;
			children = (
				1707AA231EF413FA00016442 /* Wind */,
				17E185FA1EE457B900ED5F76 /* Rain */,
			);
			name = Animations;
			sourceTree = "<group>";
		};
		3166A568F483985C29241B9C /* Frameworks */ = {
			isa = PBXGroup;
			children = (
				17B8850C1F9A6E0C002F1C9B /* Pods_Magic_Weather.framework */,
				17B8850A1F9A6D9A002F1C9B /* Pods_Magic_Weather.framework */,
				74E1CE89DA0CAAD358E70F5E /* Pods_Magic_Weather.framework */,
				C39F50DE7E167A025240D86A /* Pods_Magic_Weather_Stage.framework */,
			);
			name = Frameworks;
			sourceTree = "<group>";
		};
		3B6DAB8B43AB32D39112F3F1 /* Pods */ = {
			isa = PBXGroup;
			children = (
				E9AE7AFDB92247C6CEBE3957 /* Pods-Magic Weather.debug.xcconfig */,
				27C159CDE65675BFDB75AAC6 /* Pods-Magic Weather.release.xcconfig */,
				CADF4C9F12BFB45A96A30309 /* Pods-Magic Weather Stage.debug.xcconfig */,
				72BFF476FC522874A5FBC225 /* Pods-Magic Weather Stage.release.xcconfig */,
			);
			name = Pods;
			sourceTree = "<group>";
		};
/* End PBXGroup section */

/* Begin PBXNativeTarget section */
		17487A0D1ECA3CDB004496BF /* Magic Weather */ = {
			isa = PBXNativeTarget;
			buildConfigurationList = 17487A201ECA3CDB004496BF /* Build configuration list for PBXNativeTarget "Magic Weather" */;
			buildPhases = (
				6642D134A851B77D03736CB8 /* [CP] Check Pods Manifest.lock */,
				17487A0A1ECA3CDB004496BF /* Sources */,
				17487A0B1ECA3CDB004496BF /* Frameworks */,
				17487A0C1ECA3CDB004496BF /* Resources */,
				7749A3F284922E5F7796F4D4 /* [CP] Embed Pods Frameworks */,
				0850600F8F1E079ACEA8403C /* [CP] Copy Pods Resources */,
			);
			buildRules = (
			);
			dependencies = (
			);
			name = "Magic Weather";
			productName = "Magic Weather";
			productReference = 17487A0E1ECA3CDB004496BF /* Magic Weather.app */;
			productType = "com.apple.product-type.application";
		};
		17B191031F9A5A1E00BD100E /* Magic Weather Stage */ = {
			isa = PBXNativeTarget;
			buildConfigurationList = 17B191151F9A5A1E00BD100E /* Build configuration list for PBXNativeTarget "Magic Weather Stage" */;
			buildPhases = (
				73DC82E8724B75205C8AA7A8 /* [CP] Check Pods Manifest.lock */,
				17B191001F9A5A1E00BD100E /* Sources */,
				17B191011F9A5A1E00BD100E /* Frameworks */,
				17B191021F9A5A1E00BD100E /* Resources */,
				75282968380FDDEB2298378C /* [CP] Embed Pods Frameworks */,
				530969B6769197B5932561A8 /* [CP] Copy Pods Resources */,
			);
			buildRules = (
			);
			dependencies = (
			);
			name = "Magic Weather Stage";
			productName = "Magic Weather Stage";
			productReference = 17B191041F9A5A1E00BD100E /* Magic Weather Stage.app */;
			productType = "com.apple.product-type.application";
		};
/* End PBXNativeTarget section */

/* Begin PBXProject section */
		17487A061ECA3CDB004496BF /* Project object */ = {
			isa = PBXProject;
			attributes = {
				LastSwiftUpdateCheck = 0900;
				LastUpgradeCheck = 0920;
				ORGANIZATIONNAME = "Jordan A. Pichler";
				TargetAttributes = {
					17487A0D1ECA3CDB004496BF = {
						CreatedOnToolsVersion = 8.3.2;
						DevelopmentTeam = Q7YASEZ67U;
						LastSwiftMigration = 0900;
						ProvisioningStyle = Automatic;
					};
					17B191031F9A5A1E00BD100E = {
						CreatedOnToolsVersion = 9.0.1;
						DevelopmentTeam = Q7YASEZ67U;
						ProvisioningStyle = Automatic;
					};
				};
			};
			buildConfigurationList = 17487A091ECA3CDB004496BF /* Build configuration list for PBXProject "Magic Weather" */;
			compatibilityVersion = "Xcode 3.2";
			developmentRegion = English;
			hasScannedForEncodings = 0;
			knownRegions = (
				en,
				Base,
			);
			mainGroup = 17487A051ECA3CDB004496BF;
			productRefGroup = 17487A0F1ECA3CDB004496BF /* Products */;
			projectDirPath = "";
			projectRoot = "";
			targets = (
				17487A0D1ECA3CDB004496BF /* Magic Weather */,
				17B191031F9A5A1E00BD100E /* Magic Weather Stage */,
			);
		};
/* End PBXProject section */

/* Begin PBXResourcesBuildPhase section */
		17487A0C1ECA3CDB004496BF /* Resources */ = {
			isa = PBXResourcesBuildPhase;
			buildActionMask = 2147483647;
			files = (
				1707AA291EF4145300016442 /* blades.png in Resources */,
				17487A1C1ECA3CDB004496BF /* LaunchScreen.storyboard in Resources */,
				1707AA281EF4145300016442 /* podest.png in Resources */,
				1707AA251EF4140500016442 /* windturbine.json in Resources */,
				17B191281F9A5AC300BD100E /* Main.storyboard in Resources */,
				17487A191ECA3CDB004496BF /* Assets.xcassets in Resources */,
				1702CAB0203ED04600474F86 /* RainCloudView.xib in Resources */,
				1753D19F1FF54A5E005A9D6E /* rain.json in Resources */,
			);
			runOnlyForDeploymentPostprocessing = 0;
		};
		17B191021F9A5A1E00BD100E /* Resources */ = {
			isa = PBXResourcesBuildPhase;
			buildActionMask = 2147483647;
			files = (
				17B8850E1F9A7706002F1C9B /* LaunchScreen.storyboard in Resources */,
				17B191191F9A5A5A00BD100E /* blades.png in Resources */,
				17B191181F9A5A5A00BD100E /* podest.png in Resources */,
				17B191251F9A5A7000BD100E /* Assets.xcassets in Resources */,
				17B1912D1F9A5B0000BD100E /* Main.storyboard in Resources */,
				17B1911A1F9A5A5A00BD100E /* windturbine.json in Resources */,
				170939CE2049B2D000BA630F /* Main.storyboard in Resources */,
				1702CAB1203ED04600474F86 /* RainCloudView.xib in Resources */,
				1753D1A01FF54A5E005A9D6E /* rain.json in Resources */,
			);
			runOnlyForDeploymentPostprocessing = 0;
		};
/* End PBXResourcesBuildPhase section */

/* Begin PBXShellScriptBuildPhase section */
		0850600F8F1E079ACEA8403C /* [CP] Copy Pods Resources */ = {
			isa = PBXShellScriptBuildPhase;
			buildActionMask = 2147483647;
			files = (
			);
			inputPaths = (
			);
			name = "[CP] Copy Pods Resources";
			outputPaths = (
			);
			runOnlyForDeploymentPostprocessing = 0;
			shellPath = /bin/sh;
			shellScript = "\"${SRCROOT}/Pods/Target Support Files/Pods-Magic Weather/Pods-Magic Weather-resources.sh\"\n";
			showEnvVarsInLog = 0;
		};
		530969B6769197B5932561A8 /* [CP] Copy Pods Resources */ = {
			isa = PBXShellScriptBuildPhase;
			buildActionMask = 2147483647;
			files = (
			);
			inputPaths = (
			);
			name = "[CP] Copy Pods Resources";
			outputPaths = (
			);
			runOnlyForDeploymentPostprocessing = 0;
			shellPath = /bin/sh;
			shellScript = "\"${SRCROOT}/Pods/Target Support Files/Pods-Magic Weather Stage/Pods-Magic Weather Stage-resources.sh\"\n";
			showEnvVarsInLog = 0;
		};
		6642D134A851B77D03736CB8 /* [CP] Check Pods Manifest.lock */ = {
			isa = PBXShellScriptBuildPhase;
			buildActionMask = 2147483647;
			files = (
			);
			inputPaths = (
			);
			name = "[CP] Check Pods Manifest.lock";
			outputPaths = (
			);
			runOnlyForDeploymentPostprocessing = 0;
			shellPath = /bin/sh;
			shellScript = "diff \"${PODS_PODFILE_DIR_PATH}/Podfile.lock\" \"${PODS_ROOT}/Manifest.lock\" > /dev/null\nif [ $? != 0 ] ; then\n    # print error to STDERR\n    echo \"error: The sandbox is not in sync with the Podfile.lock. Run 'pod install' or update your CocoaPods installation.\" >&2\n    exit 1\nfi\n";
			showEnvVarsInLog = 0;
		};
		73DC82E8724B75205C8AA7A8 /* [CP] Check Pods Manifest.lock */ = {
			isa = PBXShellScriptBuildPhase;
			buildActionMask = 2147483647;
			files = (
			);
			inputPaths = (
			);
			name = "[CP] Check Pods Manifest.lock";
			outputPaths = (
			);
			runOnlyForDeploymentPostprocessing = 0;
			shellPath = /bin/sh;
			shellScript = "diff \"${PODS_PODFILE_DIR_PATH}/Podfile.lock\" \"${PODS_ROOT}/Manifest.lock\" > /dev/null\nif [ $? != 0 ] ; then\n    # print error to STDERR\n    echo \"error: The sandbox is not in sync with the Podfile.lock. Run 'pod install' or update your CocoaPods installation.\" >&2\n    exit 1\nfi\n";
			showEnvVarsInLog = 0;
		};
		75282968380FDDEB2298378C /* [CP] Embed Pods Frameworks */ = {
			isa = PBXShellScriptBuildPhase;
			buildActionMask = 2147483647;
			files = (
			);
			inputPaths = (
			);
			name = "[CP] Embed Pods Frameworks";
			outputPaths = (
			);
			runOnlyForDeploymentPostprocessing = 0;
			shellPath = /bin/sh;
			shellScript = "\"${SRCROOT}/Pods/Target Support Files/Pods-Magic Weather Stage/Pods-Magic Weather Stage-frameworks.sh\"\n";
			showEnvVarsInLog = 0;
		};
		7749A3F284922E5F7796F4D4 /* [CP] Embed Pods Frameworks */ = {
			isa = PBXShellScriptBuildPhase;
			buildActionMask = 2147483647;
			files = (
			);
			inputPaths = (
			);
			name = "[CP] Embed Pods Frameworks";
			outputPaths = (
			);
			runOnlyForDeploymentPostprocessing = 0;
			shellPath = /bin/sh;
			shellScript = "\"${SRCROOT}/Pods/Target Support Files/Pods-Magic Weather/Pods-Magic Weather-frameworks.sh\"\n";
			showEnvVarsInLog = 0;
		};
/* End PBXShellScriptBuildPhase section */

/* Begin PBXSourcesBuildPhase section */
		17487A0A1ECA3CDB004496BF /* Sources */ = {
			isa = PBXSourcesBuildPhase;
			buildActionMask = 2147483647;
			files = (
				1711E7231ED248C2004BF66B /* Forecast.swift in Sources */,
				17487A141ECA3CDB004496BF /* WeatherViewController.swift in Sources */,
				1702CAAB203CB93900474F86 /* RainCloud.swift in Sources */,
				173A9BD620093C850077772A /* UIView+Extension.swift in Sources */,
				1711E71F1ED23A69004BF66B /* WeatherServiceManager.swift in Sources */,
				170551E11FB5EE9200E3C8C7 /* LocationManager.swift in Sources */,
				17F0F2FD1F9A4E5D00E8E16C /* UIColor+Extension.swift in Sources */,
				1734D8721EED7C9900EF8B64 /* WeatherEmitter.swift in Sources */,
				17487A121ECA3CDB004496BF /* AppDelegate.swift in Sources */,
			);
			runOnlyForDeploymentPostprocessing = 0;
		};
		17B191001F9A5A1E00BD100E /* Sources */ = {
			isa = PBXSourcesBuildPhase;
			buildActionMask = 2147483647;
			files = (
				17B8850D1F9A6FA0002F1C9B /* AppDelegate.swift in Sources */,
				1702CAAC203CB93900474F86 /* RainCloud.swift in Sources */,
				17B191211F9A5A5F00BD100E /* WeatherEmitter.swift in Sources */,
				173A9BD720093C850077772A /* UIView+Extension.swift in Sources */,
				17B191221F9A5A6300BD100E /* WeatherServiceManager.swift in Sources */,
				170551E21FB5EE9200E3C8C7 /* LocationManager.swift in Sources */,
				17B191241F9A5A6500BD100E /* WeatherViewController.swift in Sources */,
				17B191231F9A5A6300BD100E /* Forecast.swift in Sources */,
				17B191171F9A5A5300BD100E /* UIColor+Extension.swift in Sources */,
			);
			runOnlyForDeploymentPostprocessing = 0;
		};
/* End PBXSourcesBuildPhase section */

/* Begin PBXVariantGroup section */
		17487A151ECA3CDB004496BF /* Main.storyboard */ = {
			isa = PBXVariantGroup;
			children = (
				17487A161ECA3CDB004496BF /* Base */,
			);
			name = Main.storyboard;
			sourceTree = "<group>";
		};
		17487A1A1ECA3CDB004496BF /* LaunchScreen.storyboard */ = {
			isa = PBXVariantGroup;
			children = (
				17487A1B1ECA3CDB004496BF /* Base */,
			);
			name = LaunchScreen.storyboard;
			sourceTree = "<group>";
		};
/* End PBXVariantGroup section */

/* Begin XCBuildConfiguration section */
		17487A1E1ECA3CDB004496BF /* Debug */ = {
			isa = XCBuildConfiguration;
			buildSettings = {
				ALWAYS_SEARCH_USER_PATHS = NO;
				CLANG_ANALYZER_NONNULL = YES;
				CLANG_ANALYZER_NUMBER_OBJECT_CONVERSION = YES_AGGRESSIVE;
				CLANG_CXX_LANGUAGE_STANDARD = "gnu++0x";
				CLANG_CXX_LIBRARY = "libc++";
				CLANG_ENABLE_MODULES = YES;
				CLANG_ENABLE_OBJC_ARC = YES;
				CLANG_WARN_BLOCK_CAPTURE_AUTORELEASING = YES;
				CLANG_WARN_BOOL_CONVERSION = YES;
				CLANG_WARN_COMMA = YES;
				CLANG_WARN_CONSTANT_CONVERSION = YES;
				CLANG_WARN_DIRECT_OBJC_ISA_USAGE = YES_ERROR;
				CLANG_WARN_DOCUMENTATION_COMMENTS = YES;
				CLANG_WARN_EMPTY_BODY = YES;
				CLANG_WARN_ENUM_CONVERSION = YES;
				CLANG_WARN_INFINITE_RECURSION = YES;
				CLANG_WARN_INT_CONVERSION = YES;
				CLANG_WARN_NON_LITERAL_NULL_CONVERSION = YES;
				CLANG_WARN_OBJC_LITERAL_CONVERSION = YES;
				CLANG_WARN_OBJC_ROOT_CLASS = YES_ERROR;
				CLANG_WARN_RANGE_LOOP_ANALYSIS = YES;
				CLANG_WARN_STRICT_PROTOTYPES = YES;
				CLANG_WARN_SUSPICIOUS_MOVE = YES;
				CLANG_WARN_UNREACHABLE_CODE = YES;
				CLANG_WARN__DUPLICATE_METHOD_MATCH = YES;
				"CODE_SIGN_IDENTITY[sdk=iphoneos*]" = "iPhone Developer";
				COPY_PHASE_STRIP = NO;
				DEBUG_INFORMATION_FORMAT = dwarf;
				ENABLE_STRICT_OBJC_MSGSEND = YES;
				ENABLE_TESTABILITY = YES;
				GCC_C_LANGUAGE_STANDARD = gnu99;
				GCC_DYNAMIC_NO_PIC = NO;
				GCC_NO_COMMON_BLOCKS = YES;
				GCC_OPTIMIZATION_LEVEL = 0;
				GCC_PREPROCESSOR_DEFINITIONS = (
					"DEBUG=1",
					"$(inherited)",
				);
				GCC_WARN_64_TO_32_BIT_CONVERSION = YES;
				GCC_WARN_ABOUT_RETURN_TYPE = YES_ERROR;
				GCC_WARN_UNDECLARED_SELECTOR = YES;
				GCC_WARN_UNINITIALIZED_AUTOS = YES_AGGRESSIVE;
				GCC_WARN_UNUSED_FUNCTION = YES;
				GCC_WARN_UNUSED_VARIABLE = YES;
				HEADER_SEARCH_PATHS = "";
				IPHONEOS_DEPLOYMENT_TARGET = 10.3;
				MTL_ENABLE_DEBUG_INFO = YES;
				ONLY_ACTIVE_ARCH = YES;
				SDKROOT = iphoneos;
				SWIFT_ACTIVE_COMPILATION_CONDITIONS = DEBUG;
				SWIFT_OPTIMIZATION_LEVEL = "-Onone";
			};
			name = Debug;
		};
		17487A1F1ECA3CDB004496BF /* Release */ = {
			isa = XCBuildConfiguration;
			buildSettings = {
				ALWAYS_SEARCH_USER_PATHS = NO;
				CLANG_ANALYZER_NONNULL = YES;
				CLANG_ANALYZER_NUMBER_OBJECT_CONVERSION = YES_AGGRESSIVE;
				CLANG_CXX_LANGUAGE_STANDARD = "gnu++0x";
				CLANG_CXX_LIBRARY = "libc++";
				CLANG_ENABLE_MODULES = YES;
				CLANG_ENABLE_OBJC_ARC = YES;
				CLANG_WARN_BLOCK_CAPTURE_AUTORELEASING = YES;
				CLANG_WARN_BOOL_CONVERSION = YES;
				CLANG_WARN_COMMA = YES;
				CLANG_WARN_CONSTANT_CONVERSION = YES;
				CLANG_WARN_DIRECT_OBJC_ISA_USAGE = YES_ERROR;
				CLANG_WARN_DOCUMENTATION_COMMENTS = YES;
				CLANG_WARN_EMPTY_BODY = YES;
				CLANG_WARN_ENUM_CONVERSION = YES;
				CLANG_WARN_INFINITE_RECURSION = YES;
				CLANG_WARN_INT_CONVERSION = YES;
				CLANG_WARN_NON_LITERAL_NULL_CONVERSION = YES;
				CLANG_WARN_OBJC_LITERAL_CONVERSION = YES;
				CLANG_WARN_OBJC_ROOT_CLASS = YES_ERROR;
				CLANG_WARN_RANGE_LOOP_ANALYSIS = YES;
				CLANG_WARN_STRICT_PROTOTYPES = YES;
				CLANG_WARN_SUSPICIOUS_MOVE = YES;
				CLANG_WARN_UNREACHABLE_CODE = YES;
				CLANG_WARN__DUPLICATE_METHOD_MATCH = YES;
				"CODE_SIGN_IDENTITY[sdk=iphoneos*]" = "iPhone Developer";
				COPY_PHASE_STRIP = NO;
				DEBUG_INFORMATION_FORMAT = "dwarf-with-dsym";
				ENABLE_NS_ASSERTIONS = NO;
				ENABLE_STRICT_OBJC_MSGSEND = YES;
				GCC_C_LANGUAGE_STANDARD = gnu99;
				GCC_NO_COMMON_BLOCKS = YES;
				GCC_WARN_64_TO_32_BIT_CONVERSION = YES;
				GCC_WARN_ABOUT_RETURN_TYPE = YES_ERROR;
				GCC_WARN_UNDECLARED_SELECTOR = YES;
				GCC_WARN_UNINITIALIZED_AUTOS = YES_AGGRESSIVE;
				GCC_WARN_UNUSED_FUNCTION = YES;
				GCC_WARN_UNUSED_VARIABLE = YES;
				HEADER_SEARCH_PATHS = "";
				IPHONEOS_DEPLOYMENT_TARGET = 10.3;
				MTL_ENABLE_DEBUG_INFO = NO;
				SDKROOT = iphoneos;
				SWIFT_OPTIMIZATION_LEVEL = "-Owholemodule";
				VALIDATE_PRODUCT = YES;
			};
			name = Release;
		};
		17487A211ECA3CDB004496BF /* Debug */ = {
			isa = XCBuildConfiguration;
			baseConfigurationReference = E9AE7AFDB92247C6CEBE3957 /* Pods-Magic Weather.debug.xcconfig */;
			buildSettings = {
				ASSETCATALOG_COMPILER_APPICON_NAME = AppIcon;
				DEVELOPMENT_TEAM = Q7YASEZ67U;
				INFOPLIST_FILE = "Magic Weather/Info.plist";
				IPHONEOS_DEPLOYMENT_TARGET = 11.0;
				LD_RUNPATH_SEARCH_PATHS = "$(inherited) @executable_path/Frameworks";
				PRODUCT_BUNDLE_IDENTIFIER = "com.jordanpichler.Magic-Weather";
				PRODUCT_NAME = "$(TARGET_NAME)";
				SWIFT_SWIFT3_OBJC_INFERENCE = Default;
				SWIFT_VERSION = 4.0;
			};
			name = Debug;
		};
		17487A221ECA3CDB004496BF /* Release */ = {
			isa = XCBuildConfiguration;
			baseConfigurationReference = 27C159CDE65675BFDB75AAC6 /* Pods-Magic Weather.release.xcconfig */;
			buildSettings = {
				ASSETCATALOG_COMPILER_APPICON_NAME = AppIcon;
				DEVELOPMENT_TEAM = Q7YASEZ67U;
				INFOPLIST_FILE = "Magic Weather/Info.plist";
				IPHONEOS_DEPLOYMENT_TARGET = 11.0;
				LD_RUNPATH_SEARCH_PATHS = "$(inherited) @executable_path/Frameworks";
				PRODUCT_BUNDLE_IDENTIFIER = "com.jordanpichler.Magic-Weather";
				PRODUCT_NAME = "$(TARGET_NAME)";
				SWIFT_SWIFT3_OBJC_INFERENCE = Default;
				SWIFT_VERSION = 4.0;
			};
			name = Release;
		};
		17B191131F9A5A1E00BD100E /* Debug */ = {
			isa = XCBuildConfiguration;
			baseConfigurationReference = CADF4C9F12BFB45A96A30309 /* Pods-Magic Weather Stage.debug.xcconfig */;
			buildSettings = {
				ASSETCATALOG_COMPILER_APPICON_NAME = AppIcon;
				CLANG_CXX_LANGUAGE_STANDARD = "gnu++14";
				CLANG_WARN_UNGUARDED_AVAILABILITY = YES_AGGRESSIVE;
				CODE_SIGN_IDENTITY = "iPhone Developer";
				CODE_SIGN_STYLE = Automatic;
				DEVELOPMENT_TEAM = Q7YASEZ67U;
				GCC_C_LANGUAGE_STANDARD = gnu11;
				INFOPLIST_FILE = "Magic Weather Stage/Info.plist";
				IPHONEOS_DEPLOYMENT_TARGET = 11.0;
				LD_RUNPATH_SEARCH_PATHS = "$(inherited) @executable_path/Frameworks";
				PRODUCT_BUNDLE_IDENTIFIER = "com.jordanpichler.Magic-Weather-Stage";
				PRODUCT_NAME = "$(TARGET_NAME)";
				SWIFT_VERSION = 4.0;
				TARGETED_DEVICE_FAMILY = 1;
			};
			name = Debug;
		};
		17B191141F9A5A1E00BD100E /* Release */ = {
			isa = XCBuildConfiguration;
			baseConfigurationReference = 72BFF476FC522874A5FBC225 /* Pods-Magic Weather Stage.release.xcconfig */;
			buildSettings = {
				ASSETCATALOG_COMPILER_APPICON_NAME = AppIcon;
				CLANG_CXX_LANGUAGE_STANDARD = "gnu++14";
				CLANG_WARN_UNGUARDED_AVAILABILITY = YES_AGGRESSIVE;
				CODE_SIGN_IDENTITY = "iPhone Developer";
				CODE_SIGN_STYLE = Automatic;
				DEVELOPMENT_TEAM = Q7YASEZ67U;
				GCC_C_LANGUAGE_STANDARD = gnu11;
				INFOPLIST_FILE = "Magic Weather Stage/Info.plist";
				IPHONEOS_DEPLOYMENT_TARGET = 11.0;
				LD_RUNPATH_SEARCH_PATHS = "$(inherited) @executable_path/Frameworks";
				PRODUCT_BUNDLE_IDENTIFIER = "com.jordanpichler.Magic-Weather-Stage";
				PRODUCT_NAME = "$(TARGET_NAME)";
				SWIFT_VERSION = 4.0;
				TARGETED_DEVICE_FAMILY = 1;
			};
			name = Release;
		};
/* End XCBuildConfiguration section */

/* Begin XCConfigurationList section */
		17487A091ECA3CDB004496BF /* Build configuration list for PBXProject "Magic Weather" */ = {
			isa = XCConfigurationList;
			buildConfigurations = (
				17487A1E1ECA3CDB004496BF /* Debug */,
				17487A1F1ECA3CDB004496BF /* Release */,
			);
			defaultConfigurationIsVisible = 0;
			defaultConfigurationName = Release;
		};
		17487A201ECA3CDB004496BF /* Build configuration list for PBXNativeTarget "Magic Weather" */ = {
			isa = XCConfigurationList;
			buildConfigurations = (
				17487A211ECA3CDB004496BF /* Debug */,
				17487A221ECA3CDB004496BF /* Release */,
			);
			defaultConfigurationIsVisible = 0;
			defaultConfigurationName = Release;
		};
		17B191151F9A5A1E00BD100E /* Build configuration list for PBXNativeTarget "Magic Weather Stage" */ = {
			isa = XCConfigurationList;
			buildConfigurations = (
				17B191131F9A5A1E00BD100E /* Debug */,
				17B191141F9A5A1E00BD100E /* Release */,
			);
			defaultConfigurationIsVisible = 0;
			defaultConfigurationName = Release;
		};
/* End XCConfigurationList section */
	};
	rootObject = 17487A061ECA3CDB004496BF /* Project object */;
}
